// !$*UTF8*$!
{
	archiveVersion = 1;
	classes = {
	};
	objectVersion = 56;
	objects = {

/* Begin PBXBuildFile section */
		9A5CDD942BDE1BC1003A0447 /* AppDelegate.swift in Sources */ = {isa = PBXBuildFile; fileRef = 9A5CDD932BDE1BC1003A0447 /* AppDelegate.swift */; };
		9A5CDD962BDE1BC1003A0447 /* ContentView.swift in Sources */ = {isa = PBXBuildFile; fileRef = 9A5CDD952BDE1BC1003A0447 /* ContentView.swift */; };
		9A5CDD982BDE1BC3003A0447 /* Assets.xcassets in Resources */ = {isa = PBXBuildFile; fileRef = 9A5CDD972BDE1BC3003A0447 /* Assets.xcassets */; };
		9A5CDD9B2BDE1BC3003A0447 /* Preview Assets.xcassets in Resources */ = {isa = PBXBuildFile; fileRef = 9A5CDD9A2BDE1BC3003A0447 /* Preview Assets.xcassets */; };
		B132EE2D2BE0FF250043D491 /* MainView.swift in Sources */ = {isa = PBXBuildFile; fileRef = B132EE292BE0FF250043D491 /* MainView.swift */; };
		B132EE2E2BE0FF250043D491 /* ChoosingDrinksView.swift in Sources */ = {isa = PBXBuildFile; fileRef = B132EE2A2BE0FF250043D491 /* ChoosingDrinksView.swift */; };
		B132EE2F2BE0FF250043D491 /* CircleButton.swift in Sources */ = {isa = PBXBuildFile; fileRef = B132EE2B2BE0FF250043D491 /* CircleButton.swift */; };
		B132EE302BE0FF250043D491 /* SplashScreenView.swift in Sources */ = {isa = PBXBuildFile; fileRef = B132EE2C2BE0FF250043D491 /* SplashScreenView.swift */; };
		B132EE382BE245600043D491 /* Pouring milk.wav in Resources */ = {isa = PBXBuildFile; fileRef = B132EE352BE245600043D491 /* Pouring milk.wav */; };
		B132EE392BE245600043D491 /* bg.mp3 in Resources */ = {isa = PBXBuildFile; fileRef = B132EE362BE245600043D491 /* bg.mp3 */; };
		B132EE3A2BE245600043D491 /* Milk Frothing Sound.mp3 in Resources */ = {isa = PBXBuildFile; fileRef = B132EE372BE245600043D491 /* Milk Frothing Sound.mp3 */; };
		B132EE3C2BE25B0E0043D491 /* TestView.swift in Sources */ = {isa = PBXBuildFile; fileRef = B132EE3B2BE25B0E0043D491 /* TestView.swift */; };
/* End PBXBuildFile section */

/* Begin PBXFileReference section */
		9A5CDD902BDE1BC1003A0447 /* Baristeam Latte Art.app */ = {isa = PBXFileReference; explicitFileType = wrapper.application; includeInIndex = 0; path = "Baristeam Latte Art.app"; sourceTree = BUILT_PRODUCTS_DIR; };
		9A5CDD932BDE1BC1003A0447 /* AppDelegate.swift */ = {isa = PBXFileReference; lastKnownFileType = sourcecode.swift; path = AppDelegate.swift; sourceTree = "<group>"; };
		9A5CDD952BDE1BC1003A0447 /* ContentView.swift */ = {isa = PBXFileReference; lastKnownFileType = sourcecode.swift; path = ContentView.swift; sourceTree = "<group>"; };
		9A5CDD972BDE1BC3003A0447 /* Assets.xcassets */ = {isa = PBXFileReference; lastKnownFileType = folder.assetcatalog; path = Assets.xcassets; sourceTree = "<group>"; };
		9A5CDD9A2BDE1BC3003A0447 /* Preview Assets.xcassets */ = {isa = PBXFileReference; lastKnownFileType = folder.assetcatalog; path = "Preview Assets.xcassets"; sourceTree = "<group>"; };
		B132EE292BE0FF250043D491 /* MainView.swift */ = {isa = PBXFileReference; fileEncoding = 4; lastKnownFileType = sourcecode.swift; path = MainView.swift; sourceTree = "<group>"; };
		B132EE2A2BE0FF250043D491 /* ChoosingDrinksView.swift */ = {isa = PBXFileReference; fileEncoding = 4; lastKnownFileType = sourcecode.swift; path = ChoosingDrinksView.swift; sourceTree = "<group>"; };
		B132EE2B2BE0FF250043D491 /* CircleButton.swift */ = {isa = PBXFileReference; fileEncoding = 4; lastKnownFileType = sourcecode.swift; path = CircleButton.swift; sourceTree = "<group>"; };
		B132EE2C2BE0FF250043D491 /* SplashScreenView.swift */ = {isa = PBXFileReference; fileEncoding = 4; lastKnownFileType = sourcecode.swift; path = SplashScreenView.swift; sourceTree = "<group>"; };
		B132EE352BE245600043D491 /* Pouring milk.wav */ = {isa = PBXFileReference; lastKnownFileType = audio.wav; path = "Pouring milk.wav"; sourceTree = "<group>"; };
		B132EE362BE245600043D491 /* bg.mp3 */ = {isa = PBXFileReference; lastKnownFileType = audio.mp3; path = bg.mp3; sourceTree = "<group>"; };
		B132EE372BE245600043D491 /* Milk Frothing Sound.mp3 */ = {isa = PBXFileReference; lastKnownFileType = audio.mp3; path = "Milk Frothing Sound.mp3"; sourceTree = "<group>"; };
		B132EE3B2BE25B0E0043D491 /* TestView.swift */ = {isa = PBXFileReference; lastKnownFileType = sourcecode.swift; path = TestView.swift; sourceTree = "<group>"; };
/* End PBXFileReference section */

/* Begin PBXFrameworksBuildPhase section */
		9A5CDD8D2BDE1BC1003A0447 /* Frameworks */ = {
			isa = PBXFrameworksBuildPhase;
			buildActionMask = 2147483647;
			files = (
			);
			runOnlyForDeploymentPostprocessing = 0;
		};
/* End PBXFrameworksBuildPhase section */

/* Begin PBXGroup section */
		9A5CDD872BDE1BC1003A0447 = {
			isa = PBXGroup;
			children = (
				9A5CDD922BDE1BC1003A0447 /* Baristeam Latte Art */,
				9A5CDD912BDE1BC1003A0447 /* Products */,
			);
			sourceTree = "<group>";
		};
		9A5CDD912BDE1BC1003A0447 /* Products */ = {
			isa = PBXGroup;
			children = (
				9A5CDD902BDE1BC1003A0447 /* Baristeam Latte Art.app */,
			);
			name = Products;
			sourceTree = "<group>";
		};
		9A5CDD922BDE1BC1003A0447 /* Baristeam Latte Art */ = {
			isa = PBXGroup;
			children = (
				9A5CDD932BDE1BC1003A0447 /* AppDelegate.swift */,
				9A5CDD952BDE1BC1003A0447 /* ContentView.swift */,
				B132EE282BE0FF080043D491 /* View */,
				9A5CDD972BDE1BC3003A0447 /* Assets.xcassets */,
				B132EE362BE245600043D491 /* bg.mp3 */,
				B132EE372BE245600043D491 /* Milk Frothing Sound.mp3 */,
				B132EE352BE245600043D491 /* Pouring milk.wav */,
				9A5CDD992BDE1BC3003A0447 /* Preview Content */,
			);
			path = "Baristeam Latte Art";
			sourceTree = "<group>";
		};
		9A5CDD992BDE1BC3003A0447 /* Preview Content */ = {
			isa = PBXGroup;
			children = (
				9A5CDD9A2BDE1BC3003A0447 /* Preview Assets.xcassets */,
			);
			path = "Preview Content";
			sourceTree = "<group>";
		};
		B132EE282BE0FF080043D491 /* View */ = {
			isa = PBXGroup;
			children = (
				B132EE2A2BE0FF250043D491 /* ChoosingDrinksView.swift */,
				B132EE2B2BE0FF250043D491 /* CircleButton.swift */,
				B132EE292BE0FF250043D491 /* MainView.swift */,
				B132EE2C2BE0FF250043D491 /* SplashScreenView.swift */,
				B132EE3B2BE25B0E0043D491 /* TestView.swift */,
			);
			path = View;
			sourceTree = "<group>";
		};
/* End PBXGroup section */

/* Begin PBXNativeTarget section */
		9A5CDD8F2BDE1BC1003A0447 /* Baristeam Latte Art */ = {
			isa = PBXNativeTarget;
			buildConfigurationList = 9A5CDD9E2BDE1BC3003A0447 /* Build configuration list for PBXNativeTarget "Baristeam Latte Art" */;
			buildPhases = (
				9A5CDD8C2BDE1BC1003A0447 /* Sources */,
				9A5CDD8D2BDE1BC1003A0447 /* Frameworks */,
				9A5CDD8E2BDE1BC1003A0447 /* Resources */,
			);
			buildRules = (
			);
			dependencies = (
			);
			name = "Baristeam Latte Art";
			productName = "Baristeam Latte Art";
			productReference = 9A5CDD902BDE1BC1003A0447 /* Baristeam Latte Art.app */;
			productType = "com.apple.product-type.application";
		};
/* End PBXNativeTarget section */

/* Begin PBXProject section */
		9A5CDD882BDE1BC1003A0447 /* Project object */ = {
			isa = PBXProject;
			attributes = {
				BuildIndependentTargetsInParallel = 1;
				LastSwiftUpdateCheck = 1530;
				LastUpgradeCheck = 1530;
				TargetAttributes = {
					9A5CDD8F2BDE1BC1003A0447 = {
						CreatedOnToolsVersion = 15.3;
					};
				};
			};
			buildConfigurationList = 9A5CDD8B2BDE1BC1003A0447 /* Build configuration list for PBXProject "Baristeam Latte Art" */;
			compatibilityVersion = "Xcode 14.0";
			developmentRegion = en;
			hasScannedForEncodings = 0;
			knownRegions = (
				en,
				Base,
			);
			mainGroup = 9A5CDD872BDE1BC1003A0447;
			productRefGroup = 9A5CDD912BDE1BC1003A0447 /* Products */;
			projectDirPath = "";
			projectRoot = "";
			targets = (
				9A5CDD8F2BDE1BC1003A0447 /* Baristeam Latte Art */,
			);
		};
/* End PBXProject section */

/* Begin PBXResourcesBuildPhase section */
		9A5CDD8E2BDE1BC1003A0447 /* Resources */ = {
			isa = PBXResourcesBuildPhase;
			buildActionMask = 2147483647;
			files = (
				9A5CDD9B2BDE1BC3003A0447 /* Preview Assets.xcassets in Resources */,
				B132EE382BE245600043D491 /* Pouring milk.wav in Resources */,
				B132EE392BE245600043D491 /* bg.mp3 in Resources */,
				9A5CDD982BDE1BC3003A0447 /* Assets.xcassets in Resources */,
				B132EE3A2BE245600043D491 /* Milk Frothing Sound.mp3 in Resources */,
			);
			runOnlyForDeploymentPostprocessing = 0;
		};
/* End PBXResourcesBuildPhase section */

/* Begin PBXSourcesBuildPhase section */
		9A5CDD8C2BDE1BC1003A0447 /* Sources */ = {
			isa = PBXSourcesBuildPhase;
			buildActionMask = 2147483647;
			files = (
				B132EE3C2BE25B0E0043D491 /* TestView.swift in Sources */,
				B132EE2F2BE0FF250043D491 /* CircleButton.swift in Sources */,
				9A5CDD962BDE1BC1003A0447 /* ContentView.swift in Sources */,
				B132EE2D2BE0FF250043D491 /* MainView.swift in Sources */,
				9A5CDD942BDE1BC1003A0447 /* AppDelegate.swift in Sources */,
				B132EE2E2BE0FF250043D491 /* ChoosingDrinksView.swift in Sources */,
				B132EE302BE0FF250043D491 /* SplashScreenView.swift in Sources */,
			);
			runOnlyForDeploymentPostprocessing = 0;
		};
/* End PBXSourcesBuildPhase section */

/* Begin XCBuildConfiguration section */
		9A5CDD9C2BDE1BC3003A0447 /* Debug */ = {
			isa = XCBuildConfiguration;
			buildSettings = {
				ALWAYS_SEARCH_USER_PATHS = NO;
				ASSETCATALOG_COMPILER_GENERATE_SWIFT_ASSET_SYMBOL_EXTENSIONS = YES;
				CLANG_ANALYZER_NONNULL = YES;
				CLANG_ANALYZER_NUMBER_OBJECT_CONVERSION = YES_AGGRESSIVE;
				CLANG_CXX_LANGUAGE_STANDARD = "gnu++20";
				CLANG_ENABLE_MODULES = YES;
				CLANG_ENABLE_OBJC_ARC = YES;
				CLANG_ENABLE_OBJC_WEAK = YES;
				CLANG_WARN_BLOCK_CAPTURE_AUTORELEASING = YES;
				CLANG_WARN_BOOL_CONVERSION = YES;
				CLANG_WARN_COMMA = YES;
				CLANG_WARN_CONSTANT_CONVERSION = YES;
				CLANG_WARN_DEPRECATED_OBJC_IMPLEMENTATIONS = YES;
				CLANG_WARN_DIRECT_OBJC_ISA_USAGE = YES_ERROR;
				CLANG_WARN_DOCUMENTATION_COMMENTS = YES;
				CLANG_WARN_EMPTY_BODY = YES;
				CLANG_WARN_ENUM_CONVERSION = YES;
				CLANG_WARN_INFINITE_RECURSION = YES;
				CLANG_WARN_INT_CONVERSION = YES;
				CLANG_WARN_NON_LITERAL_NULL_CONVERSION = YES;
				CLANG_WARN_OBJC_IMPLICIT_RETAIN_SELF = YES;
				CLANG_WARN_OBJC_LITERAL_CONVERSION = YES;
				CLANG_WARN_OBJC_ROOT_CLASS = YES_ERROR;
				CLANG_WARN_QUOTED_INCLUDE_IN_FRAMEWORK_HEADER = YES;
				CLANG_WARN_RANGE_LOOP_ANALYSIS = YES;
				CLANG_WARN_STRICT_PROTOTYPES = YES;
				CLANG_WARN_SUSPICIOUS_MOVE = YES;
				CLANG_WARN_UNGUARDED_AVAILABILITY = YES_AGGRESSIVE;
				CLANG_WARN_UNREACHABLE_CODE = YES;
				CLANG_WARN__DUPLICATE_METHOD_MATCH = YES;
				COPY_PHASE_STRIP = NO;
				DEBUG_INFORMATION_FORMAT = dwarf;
				ENABLE_STRICT_OBJC_MSGSEND = YES;
				ENABLE_TESTABILITY = YES;
				ENABLE_USER_SCRIPT_SANDBOXING = YES;
				GCC_C_LANGUAGE_STANDARD = gnu17;
				GCC_DYNAMIC_NO_PIC = NO;
				GCC_NO_COMMON_BLOCKS = YES;
				GCC_OPTIMIZATION_LEVEL = 0;
				GCC_PREPROCESSOR_DEFINITIONS = (
					"DEBUG=1",
					"$(inherited)",
				);
				GCC_WARN_64_TO_32_BIT_CONVERSION = YES;
				GCC_WARN_ABOUT_RETURN_TYPE = YES_ERROR;
				GCC_WARN_UNDECLARED_SELECTOR = YES;
				GCC_WARN_UNINITIALIZED_AUTOS = YES_AGGRESSIVE;
				GCC_WARN_UNUSED_FUNCTION = YES;
				GCC_WARN_UNUSED_VARIABLE = YES;
				IPHONEOS_DEPLOYMENT_TARGET = 17.4;
				LOCALIZATION_PREFERS_STRING_CATALOGS = YES;
				MTL_ENABLE_DEBUG_INFO = INCLUDE_SOURCE;
				MTL_FAST_MATH = YES;
				ONLY_ACTIVE_ARCH = YES;
				SDKROOT = iphoneos;
				SWIFT_ACTIVE_COMPILATION_CONDITIONS = "DEBUG $(inherited)";
				SWIFT_OPTIMIZATION_LEVEL = "-Onone";
			};
			name = Debug;
		};
		9A5CDD9D2BDE1BC3003A0447 /* Release */ = {
			isa = XCBuildConfiguration;
			buildSettings = {
				ALWAYS_SEARCH_USER_PATHS = NO;
				ASSETCATALOG_COMPILER_GENERATE_SWIFT_ASSET_SYMBOL_EXTENSIONS = YES;
				CLANG_ANALYZER_NONNULL = YES;
				CLANG_ANALYZER_NUMBER_OBJECT_CONVERSION = YES_AGGRESSIVE;
				CLANG_CXX_LANGUAGE_STANDARD = "gnu++20";
				CLANG_ENABLE_MODULES = YES;
				CLANG_ENABLE_OBJC_ARC = YES;
				CLANG_ENABLE_OBJC_WEAK = YES;
				CLANG_WARN_BLOCK_CAPTURE_AUTORELEASING = YES;
				CLANG_WARN_BOOL_CONVERSION = YES;
				CLANG_WARN_COMMA = YES;
				CLANG_WARN_CONSTANT_CONVERSION = YES;
				CLANG_WARN_DEPRECATED_OBJC_IMPLEMENTATIONS = YES;
				CLANG_WARN_DIRECT_OBJC_ISA_USAGE = YES_ERROR;
				CLANG_WARN_DOCUMENTATION_COMMENTS = YES;
				CLANG_WARN_EMPTY_BODY = YES;
				CLANG_WARN_ENUM_CONVERSION = YES;
				CLANG_WARN_INFINITE_RECURSION = YES;
				CLANG_WARN_INT_CONVERSION = YES;
				CLANG_WARN_NON_LITERAL_NULL_CONVERSION = YES;
				CLANG_WARN_OBJC_IMPLICIT_RETAIN_SELF = YES;
				CLANG_WARN_OBJC_LITERAL_CONVERSION = YES;
				CLANG_WARN_OBJC_ROOT_CLASS = YES_ERROR;
				CLANG_WARN_QUOTED_INCLUDE_IN_FRAMEWORK_HEADER = YES;
				CLANG_WARN_RANGE_LOOP_ANALYSIS = YES;
				CLANG_WARN_STRICT_PROTOTYPES = YES;
				CLANG_WARN_SUSPICIOUS_MOVE = YES;
				CLANG_WARN_UNGUARDED_AVAILABILITY = YES_AGGRESSIVE;
				CLANG_WARN_UNREACHABLE_CODE = YES;
				CLANG_WARN__DUPLICATE_METHOD_MATCH = YES;
				COPY_PHASE_STRIP = NO;
				DEBUG_INFORMATION_FORMAT = "dwarf-with-dsym";
				ENABLE_NS_ASSERTIONS = NO;
				ENABLE_STRICT_OBJC_MSGSEND = YES;
				ENABLE_USER_SCRIPT_SANDBOXING = YES;
				GCC_C_LANGUAGE_STANDARD = gnu17;
				GCC_NO_COMMON_BLOCKS = YES;
				GCC_WARN_64_TO_32_BIT_CONVERSION = YES;
				GCC_WARN_ABOUT_RETURN_TYPE = YES_ERROR;
				GCC_WARN_UNDECLARED_SELECTOR = YES;
				GCC_WARN_UNINITIALIZED_AUTOS = YES_AGGRESSIVE;
				GCC_WARN_UNUSED_FUNCTION = YES;
				GCC_WARN_UNUSED_VARIABLE = YES;
				IPHONEOS_DEPLOYMENT_TARGET = 17.4;
				LOCALIZATION_PREFERS_STRING_CATALOGS = YES;
				MTL_ENABLE_DEBUG_INFO = NO;
				MTL_FAST_MATH = YES;
				SDKROOT = iphoneos;
				SWIFT_COMPILATION_MODE = wholemodule;
				VALIDATE_PRODUCT = YES;
			};
			name = Release;
		};
		9A5CDD9F2BDE1BC3003A0447 /* Debug */ = {
			isa = XCBuildConfiguration;
			buildSettings = {
				ASSETCATALOG_COMPILER_APPICON_NAME = AppIcon;
				ASSETCATALOG_COMPILER_GLOBAL_ACCENT_COLOR_NAME = AccentColor;
				CODE_SIGN_STYLE = Automatic;
				CURRENT_PROJECT_VERSION = 1;
				DEVELOPMENT_ASSET_PATHS = "\"Baristeam Latte Art/Preview Content\"";
				DEVELOPMENT_TEAM = H389J7W85Q;
				ENABLE_PREVIEWS = YES;
				GENERATE_INFOPLIST_FILE = YES;
				INFOPLIST_KEY_NSCameraUsageDescription = "";
				INFOPLIST_KEY_UIApplicationSupportsIndirectInputEvents = YES;
				INFOPLIST_KEY_UILaunchScreen_Generation = YES;
				INFOPLIST_KEY_UIRequiredDeviceCapabilities = arkit;
				INFOPLIST_KEY_UIStatusBarHidden = YES;
				INFOPLIST_KEY_UISupportedInterfaceOrientations_iPad = "UIInterfaceOrientationPortrait UIInterfaceOrientationPortraitUpsideDown UIInterfaceOrientationLandscapeLeft UIInterfaceOrientationLandscapeRight";
				INFOPLIST_KEY_UISupportedInterfaceOrientations_iPhone = "UIInterfaceOrientationPortrait UIInterfaceOrientationLandscapeLeft UIInterfaceOrientationLandscapeRight";
				LD_RUNPATH_SEARCH_PATHS = (
					"$(inherited)",
					"@executable_path/Frameworks",
				);
				MARKETING_VERSION = 1.0;
				PRODUCT_BUNDLE_IDENTIFIER = "Apple-Developer-Academy.Baristeam-Latte-Art";
				PRODUCT_NAME = "$(TARGET_NAME)";
				SWIFT_EMIT_LOC_STRINGS = YES;
				SWIFT_VERSION = 5.0;
				TARGETED_DEVICE_FAMILY = "1,2";
			};
			name = Debug;
		};
		9A5CDDA02BDE1BC3003A0447 /* Release */ = {
			isa = XCBuildConfiguration;
			buildSettings = {
				ASSETCATALOG_COMPILER_APPICON_NAME = AppIcon;
				ASSETCATALOG_COMPILER_GLOBAL_ACCENT_COLOR_NAME = AccentColor;
				CODE_SIGN_STYLE = Automatic;
				CURRENT_PROJECT_VERSION = 1;
				DEVELOPMENT_ASSET_PATHS = "\"Baristeam Latte Art/Preview Content\"";
				DEVELOPMENT_TEAM = H389J7W85Q;
				ENABLE_PREVIEWS = YES;
				GENERATE_INFOPLIST_FILE = YES;
				INFOPLIST_KEY_NSCameraUsageDescription = "";
				INFOPLIST_KEY_UIApplicationSupportsIndirectInputEvents = YES;
				INFOPLIST_KEY_UILaunchScreen_Generation = YES;
				INFOPLIST_KEY_UIRequiredDeviceCapabilities = arkit;
				INFOPLIST_KEY_UIStatusBarHidden = YES;
				INFOPLIST_KEY_UISupportedInterfaceOrientations_iPad = "UIInterfaceOrientationPortrait UIInterfaceOrientationPortraitUpsideDown UIInterfaceOrientationLandscapeLeft UIInterfaceOrientationLandscapeRight";
				INFOPLIST_KEY_UISupportedInterfaceOrientations_iPhone = "UIInterfaceOrientationPortrait UIInterfaceOrientationLandscapeLeft UIInterfaceOrientationLandscapeRight";
				LD_RUNPATH_SEARCH_PATHS = (
					"$(inherited)",
					"@executable_path/Frameworks",
				);
				MARKETING_VERSION = 1.0;
				PRODUCT_BUNDLE_IDENTIFIER = "Apple-Developer-Academy.Baristeam-Latte-Art";
				PRODUCT_NAME = "$(TARGET_NAME)";
				SWIFT_EMIT_LOC_STRINGS = YES;
				SWIFT_VERSION = 5.0;
				TARGETED_DEVICE_FAMILY = "1,2";
			};
			name = Release;
		};
/* End XCBuildConfiguration section */

/* Begin XCConfigurationList section */
		9A5CDD8B2BDE1BC1003A0447 /* Build configuration list for PBXProject "Baristeam Latte Art" */ = {
			isa = XCConfigurationList;
			buildConfigurations = (
				9A5CDD9C2BDE1BC3003A0447 /* Debug */,
				9A5CDD9D2BDE1BC3003A0447 /* Release */,
			);
			defaultConfigurationIsVisible = 0;
			defaultConfigurationName = Release;
		};
		9A5CDD9E2BDE1BC3003A0447 /* Build configuration list for PBXNativeTarget "Baristeam Latte Art" */ = {
			isa = XCConfigurationList;
			buildConfigurations = (
				9A5CDD9F2BDE1BC3003A0447 /* Debug */,
				9A5CDDA02BDE1BC3003A0447 /* Release */,
			);
			defaultConfigurationIsVisible = 0;
			defaultConfigurationName = Release;
		};
/* End XCConfigurationList section */
	};
	rootObject = 9A5CDD882BDE1BC1003A0447 /* Project object */;
}
